
Microsoft Visual Studio Solution File, Format Version 12.00
# Visual Studio Version 16
VisualStudioVersion = 16.0.32413.511
MinimumVisualStudioVersion = 10.0.40219.1
Project("{FAE04EC0-301F-11D3-BF4B-00C04F79EFBC}") = "Lab1-Ex2-WPF Application", "Lab1-Ex2-WPF Application\Lab1-Ex2-WPF Application.csproj", "{3A00049D-6F7B-4117-9849-4921B12E8D91}"
EndProject
Global
	GlobalSection(SolutionConfigurationPlatforms) = preSolution
		Debug|Any CPU = Debug|Any CPU
		Release|Any CPU = Release|Any CPU
	EndGlobalSection
	GlobalSection(ProjectConfigurationPlatforms) = postSolution
		{3A00049D-6F7B-4117-9849-4921B12E8D91}.Debug|Any CPU.ActiveCfg = Debug|Any CPU
		{3A00049D-6F7B-4117-9849-4921B12E8D91}.Debug|Any CPU.Build.0 = Debug|Any CPU
		{3A00049D-6F7B-4117-9849-4921B12E8D91}.Release|Any CPU.ActiveCfg = Release|Any CPU
		{3A00049D-6F7B-4117-9849-4921B12E8D91}.Release|Any CPU.Build.0 = Release|Any CPU
	EndGlobalSection
	GlobalSection(SolutionProperties) = preSolution
		HideSolutionNode = FALSE
	EndGlobalSection
	GlobalSection(ExtensibilityGlobals) = postSolution
		SolutionGuid = {C38E433C-9165-4653-8B07-CDB2B5FB2D95}
	EndGlobalSection
EndGlobal
