
Microsoft Visual Studio Solution File, Format Version 12.00
# Visual Studio Version 16
VisualStudioVersion = 16.0.32413.511
MinimumVisualStudioVersion = 10.0.40219.1
Project("{FAE04EC0-301F-11D3-BF4B-00C04F79EFBC}") = "Lab3-Ex1", "Lab3-Ex1\Lab3-Ex1.csproj", "{B1050E3F-90C9-46F9-A9F1-F122A3556FAD}"
EndProject
Project("{FAE04EC0-301F-11D3-BF4B-00C04F79EFBC}") = "GCD_Test_Project", "GCD_Test_Project\GCD_Test_Project.csproj", "{488DF62A-0401-421E-AD2C-4BDEBB955620}"
EndProject
Global
	GlobalSection(SolutionConfigurationPlatforms) = preSolution
		Debug|Any CPU = Debug|Any CPU
		Release|Any CPU = Release|Any CPU
	EndGlobalSection
	GlobalSection(ProjectConfigurationPlatforms) = postSolution
		{B1050E3F-90C9-46F9-A9F1-F122A3556FAD}.Debug|Any CPU.ActiveCfg = Debug|Any CPU
		{B1050E3F-90C9-46F9-A9F1-F122A3556FAD}.Debug|Any CPU.Build.0 = Debug|Any CPU
		{B1050E3F-90C9-46F9-A9F1-F122A3556FAD}.Release|Any CPU.ActiveCfg = Release|Any CPU
		{B1050E3F-90C9-46F9-A9F1-F122A3556FAD}.Release|Any CPU.Build.0 = Release|Any CPU
		{488DF62A-0401-421E-AD2C-4BDEBB955620}.Debug|Any CPU.ActiveCfg = Debug|Any CPU
		{488DF62A-0401-421E-AD2C-4BDEBB955620}.Debug|Any CPU.Build.0 = Debug|Any CPU
		{488DF62A-0401-421E-AD2C-4BDEBB955620}.Release|Any CPU.ActiveCfg = Release|Any CPU
		{488DF62A-0401-421E-AD2C-4BDEBB955620}.Release|Any CPU.Build.0 = Release|Any CPU
	EndGlobalSection
	GlobalSection(SolutionProperties) = preSolution
		HideSolutionNode = FALSE
	EndGlobalSection
	GlobalSection(ExtensibilityGlobals) = postSolution
		SolutionGuid = {A7A8CD74-B060-4D1B-8420-EFEEDC150B6F}
	EndGlobalSection
EndGlobal
